
Microsoft Visual Studio Solution File, Format Version 12.00
# Visual Studio Version 17
VisualStudioVersion = 17.0.31903.59
MinimumVisualStudioVersion = 10.0.40219.1
Project("{2150E333-8FDC-42A3-9474-1A3956D46DE8}") = "Services", "Services", "{F510BAD5-B4A6-428F-9018-E87ED9A0E9CA}"
EndProject
Project("{2150E333-8FDC-42A3-9474-1A3956D46DE8}") = "ETradeOrder", "ETradeOrder", "{41C411BA-2FE0-45B3-B142-4CFB1C85417F}"
EndProject
Project("{FAE04EC0-301F-11D3-BF4B-00C04F79EFBC}") = "Application", "Services\ETradeOrder\Application\Application.csproj", "{D3A330CB-22D0-4D34-8D40-534E960581AF}"
EndProject
Project("{FAE04EC0-301F-11D3-BF4B-00C04F79EFBC}") = "Persistence", "Services\ETradeOrder\Persistence\Persistence.csproj", "{30CDBBE3-1A44-48F1-AC7B-D55D63EDFB83}"
EndProject
Project("{FAE04EC0-301F-11D3-BF4B-00C04F79EFBC}") = "Infrastructure", "Services\ETradeOrder\Infrastructure\Infrastructure.csproj", "{6B686E85-53DD-4C79-A3FF-DBFC09F35298}"
EndProject
Project("{FAE04EC0-301F-11D3-BF4B-00C04F79EFBC}") = "Domain", "Services\ETradeOrder\Domain\Domain.csproj", "{69BB0630-F2AE-498A-BB37-C25F55E4BA57}"
EndProject
Project("{2150E333-8FDC-42A3-9474-1A3956D46DE8}") = "ETradeStock", "ETradeStock", "{7C0E4E74-8019-4242-840C-995240A9CF55}"
EndProject
Project("{FAE04EC0-301F-11D3-BF4B-00C04F79EFBC}") = "Application", "Services\ETradeStock\Application\Application.csproj", "{82FA7276-8759-4878-9C96-7804A33BB304}"
EndProject
Project("{FAE04EC0-301F-11D3-BF4B-00C04F79EFBC}") = "Persistence", "Services\ETradeStock\Persistence\Persistence.csproj", "{131F1BBF-3F41-4828-BEC7-63425E4AF85F}"
EndProject
Project("{FAE04EC0-301F-11D3-BF4B-00C04F79EFBC}") = "Infrastructure", "Services\ETradeStock\Infrastructure\Infrastructure.csproj", "{C48DDB67-D584-43C0-A8E3-BF6AE4B98738}"
EndProject
Project("{FAE04EC0-301F-11D3-BF4B-00C04F79EFBC}") = "Domain", "Services\ETradeStock\Domain\Domain.csproj", "{D6D99C2B-D804-4C3C-AC03-000AF0B8C48C}"
EndProject
Project("{2150E333-8FDC-42A3-9474-1A3956D46DE8}") = "ETradePayment", "ETradePayment", "{9EC4E23B-D7A9-47C9-B5DD-B99FA26558BF}"
EndProject
Project("{FAE04EC0-301F-11D3-BF4B-00C04F79EFBC}") = "Application", "Services\ETradePayment\Application\Application.csproj", "{BDAB72DC-E298-41A9-8542-56960FFC13C5}"
EndProject
Project("{FAE04EC0-301F-11D3-BF4B-00C04F79EFBC}") = "Persistence", "Services\ETradePayment\Persistence\Persistence.csproj", "{28CFACC5-C1C4-482D-BDC6-C97057B6F599}"
EndProject
Project("{FAE04EC0-301F-11D3-BF4B-00C04F79EFBC}") = "Domain", "Services\ETradePayment\Domain\Domain.csproj", "{BCDC037B-B635-4222-B3B3-C03E1E26CDB5}"
EndProject
Project("{FAE04EC0-301F-11D3-BF4B-00C04F79EFBC}") = "Infrastructure", "Services\ETradePayment\Infrastructure\Infrastructure.csproj", "{9F36691B-F74B-4B8C-B3A1-0BFD05995437}"
EndProject
Project("{FAE04EC0-301F-11D3-BF4B-00C04F79EFBC}") = "ETradeStock.API", "Services\ETradeStock\ETradeStock.API\ETradeStock.API.csproj", "{444C3DD8-2B85-4033-8E63-A8AE20E60365}"
EndProject
Project("{FAE04EC0-301F-11D3-BF4B-00C04F79EFBC}") = "ETradePayment.API", "Services\ETradePayment\ETradePayment.API\ETradePayment.API.csproj", "{98BF8610-CF3F-4BFF-A28D-639C1D474063}"
EndProject
Project("{FAE04EC0-301F-11D3-BF4B-00C04F79EFBC}") = "ETradeOrder.API", "Services\ETradeOrder\ETradeOrder.API\ETradeOrder.API.csproj", "{074C2014-6FA6-4973-A831-1E6F2952A4D9}"
EndProject
Project("{FAE04EC0-301F-11D3-BF4B-00C04F79EFBC}") = "BusShared", "BusShared\BusShared.csproj", "{4A2558A9-56D7-48C3-8D15-9A9B20D2746B}"
EndProject
Global
	GlobalSection(SolutionConfigurationPlatforms) = preSolution
		Debug|Any CPU = Debug|Any CPU
		Release|Any CPU = Release|Any CPU
	EndGlobalSection
	GlobalSection(SolutionProperties) = preSolution
		HideSolutionNode = FALSE
	EndGlobalSection
	GlobalSection(ProjectConfigurationPlatforms) = postSolution
		{D3A330CB-22D0-4D34-8D40-534E960581AF}.Debug|Any CPU.ActiveCfg = Debug|Any CPU
		{D3A330CB-22D0-4D34-8D40-534E960581AF}.Debug|Any CPU.Build.0 = Debug|Any CPU
		{D3A330CB-22D0-4D34-8D40-534E960581AF}.Release|Any CPU.ActiveCfg = Release|Any CPU
		{D3A330CB-22D0-4D34-8D40-534E960581AF}.Release|Any CPU.Build.0 = Release|Any CPU
		{30CDBBE3-1A44-48F1-AC7B-D55D63EDFB83}.Debug|Any CPU.ActiveCfg = Debug|Any CPU
		{30CDBBE3-1A44-48F1-AC7B-D55D63EDFB83}.Debug|Any CPU.Build.0 = Debug|Any CPU
		{30CDBBE3-1A44-48F1-AC7B-D55D63EDFB83}.Release|Any CPU.ActiveCfg = Release|Any CPU
		{30CDBBE3-1A44-48F1-AC7B-D55D63EDFB83}.Release|Any CPU.Build.0 = Release|Any CPU
		{6B686E85-53DD-4C79-A3FF-DBFC09F35298}.Debug|Any CPU.ActiveCfg = Debug|Any CPU
		{6B686E85-53DD-4C79-A3FF-DBFC09F35298}.Debug|Any CPU.Build.0 = Debug|Any CPU
		{6B686E85-53DD-4C79-A3FF-DBFC09F35298}.Release|Any CPU.ActiveCfg = Release|Any CPU
		{6B686E85-53DD-4C79-A3FF-DBFC09F35298}.Release|Any CPU.Build.0 = Release|Any CPU
		{69BB0630-F2AE-498A-BB37-C25F55E4BA57}.Debug|Any CPU.ActiveCfg = Debug|Any CPU
		{69BB0630-F2AE-498A-BB37-C25F55E4BA57}.Debug|Any CPU.Build.0 = Debug|Any CPU
		{69BB0630-F2AE-498A-BB37-C25F55E4BA57}.Release|Any CPU.ActiveCfg = Release|Any CPU
		{69BB0630-F2AE-498A-BB37-C25F55E4BA57}.Release|Any CPU.Build.0 = Release|Any CPU
		{82FA7276-8759-4878-9C96-7804A33BB304}.Debug|Any CPU.ActiveCfg = Debug|Any CPU
		{82FA7276-8759-4878-9C96-7804A33BB304}.Debug|Any CPU.Build.0 = Debug|Any CPU
		{82FA7276-8759-4878-9C96-7804A33BB304}.Release|Any CPU.ActiveCfg = Release|Any CPU
		{82FA7276-8759-4878-9C96-7804A33BB304}.Release|Any CPU.Build.0 = Release|Any CPU
		{131F1BBF-3F41-4828-BEC7-63425E4AF85F}.Debug|Any CPU.ActiveCfg = Debug|Any CPU
		{131F1BBF-3F41-4828-BEC7-63425E4AF85F}.Debug|Any CPU.Build.0 = Debug|Any CPU
		{131F1BBF-3F41-4828-BEC7-63425E4AF85F}.Release|Any CPU.ActiveCfg = Release|Any CPU
		{131F1BBF-3F41-4828-BEC7-63425E4AF85F}.Release|Any CPU.Build.0 = Release|Any CPU
		{C48DDB67-D584-43C0-A8E3-BF6AE4B98738}.Debug|Any CPU.ActiveCfg = Debug|Any CPU
		{C48DDB67-D584-43C0-A8E3-BF6AE4B98738}.Debug|Any CPU.Build.0 = Debug|Any CPU
		{C48DDB67-D584-43C0-A8E3-BF6AE4B98738}.Release|Any CPU.ActiveCfg = Release|Any CPU
		{C48DDB67-D584-43C0-A8E3-BF6AE4B98738}.Release|Any CPU.Build.0 = Release|Any CPU
		{D6D99C2B-D804-4C3C-AC03-000AF0B8C48C}.Debug|Any CPU.ActiveCfg = Debug|Any CPU
		{D6D99C2B-D804-4C3C-AC03-000AF0B8C48C}.Debug|Any CPU.Build.0 = Debug|Any CPU
		{D6D99C2B-D804-4C3C-AC03-000AF0B8C48C}.Release|Any CPU.ActiveCfg = Release|Any CPU
		{D6D99C2B-D804-4C3C-AC03-000AF0B8C48C}.Release|Any CPU.Build.0 = Release|Any CPU
		{BDAB72DC-E298-41A9-8542-56960FFC13C5}.Debug|Any CPU.ActiveCfg = Debug|Any CPU
		{BDAB72DC-E298-41A9-8542-56960FFC13C5}.Debug|Any CPU.Build.0 = Debug|Any CPU
		{BDAB72DC-E298-41A9-8542-56960FFC13C5}.Release|Any CPU.ActiveCfg = Release|Any CPU
		{BDAB72DC-E298-41A9-8542-56960FFC13C5}.Release|Any CPU.Build.0 = Release|Any CPU
		{28CFACC5-C1C4-482D-BDC6-C97057B6F599}.Debug|Any CPU.ActiveCfg = Debug|Any CPU
		{28CFACC5-C1C4-482D-BDC6-C97057B6F599}.Debug|Any CPU.Build.0 = Debug|Any CPU
		{28CFACC5-C1C4-482D-BDC6-C97057B6F599}.Release|Any CPU.ActiveCfg = Release|Any CPU
		{28CFACC5-C1C4-482D-BDC6-C97057B6F599}.Release|Any CPU.Build.0 = Release|Any CPU
		{BCDC037B-B635-4222-B3B3-C03E1E26CDB5}.Debug|Any CPU.ActiveCfg = Debug|Any CPU
		{BCDC037B-B635-4222-B3B3-C03E1E26CDB5}.Debug|Any CPU.Build.0 = Debug|Any CPU
		{BCDC037B-B635-4222-B3B3-C03E1E26CDB5}.Release|Any CPU.ActiveCfg = Release|Any CPU
		{BCDC037B-B635-4222-B3B3-C03E1E26CDB5}.Release|Any CPU.Build.0 = Release|Any CPU
		{9F36691B-F74B-4B8C-B3A1-0BFD05995437}.Debug|Any CPU.ActiveCfg = Debug|Any CPU
		{9F36691B-F74B-4B8C-B3A1-0BFD05995437}.Debug|Any CPU.Build.0 = Debug|Any CPU
		{9F36691B-F74B-4B8C-B3A1-0BFD05995437}.Release|Any CPU.ActiveCfg = Release|Any CPU
		{9F36691B-F74B-4B8C-B3A1-0BFD05995437}.Release|Any CPU.Build.0 = Release|Any CPU
		{444C3DD8-2B85-4033-8E63-A8AE20E60365}.Debug|Any CPU.ActiveCfg = Debug|Any CPU
		{444C3DD8-2B85-4033-8E63-A8AE20E60365}.Debug|Any CPU.Build.0 = Debug|Any CPU
		{444C3DD8-2B85-4033-8E63-A8AE20E60365}.Release|Any CPU.ActiveCfg = Release|Any CPU
		{444C3DD8-2B85-4033-8E63-A8AE20E60365}.Release|Any CPU.Build.0 = Release|Any CPU
		{98BF8610-CF3F-4BFF-A28D-639C1D474063}.Debug|Any CPU.ActiveCfg = Debug|Any CPU
		{98BF8610-CF3F-4BFF-A28D-639C1D474063}.Debug|Any CPU.Build.0 = Debug|Any CPU
		{98BF8610-CF3F-4BFF-A28D-639C1D474063}.Release|Any CPU.ActiveCfg = Release|Any CPU
		{98BF8610-CF3F-4BFF-A28D-639C1D474063}.Release|Any CPU.Build.0 = Release|Any CPU
		{074C2014-6FA6-4973-A831-1E6F2952A4D9}.Debug|Any CPU.ActiveCfg = Debug|Any CPU
		{074C2014-6FA6-4973-A831-1E6F2952A4D9}.Debug|Any CPU.Build.0 = Debug|Any CPU
		{074C2014-6FA6-4973-A831-1E6F2952A4D9}.Release|Any CPU.ActiveCfg = Release|Any CPU
		{074C2014-6FA6-4973-A831-1E6F2952A4D9}.Release|Any CPU.Build.0 = Release|Any CPU
		{4A2558A9-56D7-48C3-8D15-9A9B20D2746B}.Debug|Any CPU.ActiveCfg = Debug|Any CPU
		{4A2558A9-56D7-48C3-8D15-9A9B20D2746B}.Debug|Any CPU.Build.0 = Debug|Any CPU
		{4A2558A9-56D7-48C3-8D15-9A9B20D2746B}.Release|Any CPU.ActiveCfg = Release|Any CPU
		{4A2558A9-56D7-48C3-8D15-9A9B20D2746B}.Release|Any CPU.Build.0 = Release|Any CPU
	EndGlobalSection
	GlobalSection(NestedProjects) = preSolution
		{41C411BA-2FE0-45B3-B142-4CFB1C85417F} = {F510BAD5-B4A6-428F-9018-E87ED9A0E9CA}
		{D3A330CB-22D0-4D34-8D40-534E960581AF} = {41C411BA-2FE0-45B3-B142-4CFB1C85417F}
		{30CDBBE3-1A44-48F1-AC7B-D55D63EDFB83} = {41C411BA-2FE0-45B3-B142-4CFB1C85417F}
		{6B686E85-53DD-4C79-A3FF-DBFC09F35298} = {41C411BA-2FE0-45B3-B142-4CFB1C85417F}
		{69BB0630-F2AE-498A-BB37-C25F55E4BA57} = {41C411BA-2FE0-45B3-B142-4CFB1C85417F}
		{7C0E4E74-8019-4242-840C-995240A9CF55} = {F510BAD5-B4A6-428F-9018-E87ED9A0E9CA}
		{82FA7276-8759-4878-9C96-7804A33BB304} = {7C0E4E74-8019-4242-840C-995240A9CF55}
		{131F1BBF-3F41-4828-BEC7-63425E4AF85F} = {7C0E4E74-8019-4242-840C-995240A9CF55}
		{C48DDB67-D584-43C0-A8E3-BF6AE4B98738} = {7C0E4E74-8019-4242-840C-995240A9CF55}
		{D6D99C2B-D804-4C3C-AC03-000AF0B8C48C} = {7C0E4E74-8019-4242-840C-995240A9CF55}
		{9EC4E23B-D7A9-47C9-B5DD-B99FA26558BF} = {F510BAD5-B4A6-428F-9018-E87ED9A0E9CA}
		{BDAB72DC-E298-41A9-8542-56960FFC13C5} = {9EC4E23B-D7A9-47C9-B5DD-B99FA26558BF}
		{28CFACC5-C1C4-482D-BDC6-C97057B6F599} = {9EC4E23B-D7A9-47C9-B5DD-B99FA26558BF}
		{BCDC037B-B635-4222-B3B3-C03E1E26CDB5} = {9EC4E23B-D7A9-47C9-B5DD-B99FA26558BF}
		{9F36691B-F74B-4B8C-B3A1-0BFD05995437} = {9EC4E23B-D7A9-47C9-B5DD-B99FA26558BF}
		{444C3DD8-2B85-4033-8E63-A8AE20E60365} = {7C0E4E74-8019-4242-840C-995240A9CF55}
		{98BF8610-CF3F-4BFF-A28D-639C1D474063} = {9EC4E23B-D7A9-47C9-B5DD-B99FA26558BF}
		{074C2014-6FA6-4973-A831-1E6F2952A4D9} = {41C411BA-2FE0-45B3-B142-4CFB1C85417F}
	EndGlobalSection
EndGlobal
